{
  "name": "create-apache-site",
  "version": "4.2.0",
  "lockfileVersion": 2,
  "requires": true,
  "packages": {
    "": {
      "name": "create-apache-site",
      "version": "4.2.0",
      "hasInstallScript": true,
      "license": "MIT",
      "bin": {
        "create-apache-site": "script/create-apache-site.sh"
      }
    }
  }
}
